PODS:
  - boost-for-react-native (1.63.0)
  - BVLinearGradient (2.5.4):
    - React
  - DoubleConversion (1.1.6)
  - Folly (2018.10.22.00):
    - boost-for-react-native
    - DoubleConversion
    - glog
  - glog (0.3.5)
  - React (0.58.6):
    - React/Core (= 0.58.6)
  - react-native-camera (2.2.0):
    - React
    - react-native-camera/RCT (= 2.2.0)
    - react-native-camera/RN (= 2.2.0)
  - react-native-camera/RCT (2.2.0):
    - React
  - react-native-camera/RN (2.2.0):
    - React
  - React/Core (0.58.6):
    - yoga (= 0.58.6.React)
  - React/CxxBridge (0.58.6):
    - Folly (= 2018.10.22.00)
    - React/Core
    - React/cxxreact
    - React/jsiexecutor
  - React/cxxreact (0.58.6):
    - boost-for-react-native (= 1.63.0)
    - Folly (= 2018.10.22.00)
    - React/jsinspector
  - React/DevSupport (0.58.6):
    - React/Core
    - React/RCTWebSocket
  - React/fishhook (0.58.6)
  - React/jsi (0.58.6):
    - Folly (= 2018.10.22.00)
  - React/jsiexecutor (0.58.6):
    - Folly (= 2018.10.22.00)
    - React/cxxreact
    - React/jsi
  - React/jsinspector (0.58.6)
  - React/RCTActionSheet (0.58.6):
    - React/Core
  - React/RCTAnimation (0.58.6):
    - React/Core
  - React/RCTBlob (0.58.6):
    - React/Core
  - React/RCTGeolocation (0.58.6):
    - React/Core
  - React/RCTImage (0.58.6):
    - React/Core
    - React/RCTNetwork
  - React/RCTLinkingIOS (0.58.6):
    - React/Core
  - React/RCTNetwork (0.58.6):
    - React/Core
  - React/RCTSettings (0.58.6):
    - React/Core
  - React/RCTText (0.58.6):
    - React/Core
  - React/RCTVibration (0.58.6):
    - React/Core
  - React/RCTWebSocket (0.58.6):
    - React/Core
    - React/fishhook
    - React/RCTBlob
  - RNGestureHandler (1.1.0):
    - React
  - RNReanimated (1.0.0):
    - React
  - RNVectorIcons (6.4.1):
    - React
  - yoga (0.58.6.React)

DEPENDENCIES:
  - BVLinearGradient (from `../node_modules/react-native-linear-gradient`)
  - DoubleConversion (from `../node_modules/react-native/third-party-podspecs/DoubleConversion.podspec`)
  - Folly (from `../node_modules/react-native/third-party-podspecs/Folly.podspec`)
  - glog (from `../node_modules/react-native/third-party-podspecs/glog.podspec`)
  - react-native-camera (from `../node_modules/react-native-camera`)
  - React/Core (from `../node_modules/react-native`)
  - React/CxxBridge (from `../node_modules/react-native`)
  - React/DevSupport (from `../node_modules/react-native`)
  - React/RCTActionSheet (from `../node_modules/react-native`)
  - React/RCTAnimation (from `../node_modules/react-native`)
  - React/RCTBlob (from `../node_modules/react-native`)
  - React/RCTGeolocation (from `../node_modules/react-native`)
  - React/RCTImage (from `../node_modules/react-native`)
  - React/RCTLinkingIOS (from `../node_modules/react-native`)
  - React/RCTNetwork (from `../node_modules/react-native`)
  - React/RCTSettings (from `../node_modules/react-native`)
  - React/RCTText (from `../node_modules/react-native`)
  - React/RCTVibration (from `../node_modules/react-native`)
  - React/RCTWebSocket (from `../node_modules/react-native`)
  - RNGestureHandler (from `../node_modules/react-native-gesture-handler`)
  - RNReanimated (from `../node_modules/react-native-reanimated`)
  - RNVectorIcons (from `../node_modules/react-native-vector-icons`)
  - yoga (from `../node_modules/react-native/ReactCommon/yoga`)

SPEC REPOS:
  https://github.com/cocoapods/specs.git:
    - boost-for-react-native

EXTERNAL SOURCES:
  BVLinearGradient:
    :path: "../node_modules/react-native-linear-gradient"
  DoubleConversion:
    :podspec: "../node_modules/react-native/third-party-podspecs/DoubleConversion.podspec"
  Folly:
    :podspec: "../node_modules/react-native/third-party-podspecs/Folly.podspec"
  glog:
    :podspec: "../node_modules/react-native/third-party-podspecs/glog.podspec"
  React:
    :path: "../node_modules/react-native"
  react-native-camera:
    :path: "../node_modules/react-native-camera"
  RNGestureHandler:
    :path: "../node_modules/react-native-gesture-handler"
  RNReanimated:
    :path: "../node_modules/react-native-reanimated"
  RNVectorIcons:
    :path: "../node_modules/react-native-vector-icons"
  yoga:
    :path: "../node_modules/react-native/ReactCommon/yoga"

SPEC CHECKSUMS:
  boost-for-react-native: 39c7adb57c4e60d6c5479dd8623128eb5b3f0f2c
  BVLinearGradient: 8cbc5155c978f2e43098818c91d206d07aae6d30
  DoubleConversion: bb338842f62ab1d708ceb63ec3d999f0f3d98ecd
  Folly: de497beb10f102453a1afa9edbf8cf8a251890de
  glog: aefd1eb5dda2ab95ba0938556f34b98e2da3a60d
  React: 130b87b2d5e2baac646954282cab87be986d98fc
  react-native-camera: bfdef9a41913a5c5c9685fcbe7ba24b9ef49e9ad
  RNGestureHandler: b65d391f4f570178d657b99a16ec99d09b8656b0
  RNReanimated: 9497464b378759f538c539df105cda235de496c5
  RNVectorIcons: 09d03dfe7c9fc158c3dce50d891101637d428bb3
  yoga: 32d7ef1081951e9a35a4c72a7be797598b138a48

PODFILE CHECKSUM: 76271504d03acebdd7c5e73607696ce634c2fd74

COCOAPODS: 1.6.1
